
Microsoft Visual Studio Solution File, Format Version 12.00
# Visual Studio Version 16
VisualStudioVersion = 16.0.30711.63
MinimumVisualStudioVersion = 10.0.40219.1
Project("{FAE04EC0-301F-11D3-BF4B-00C04F79EFBC}") = "EventSub.Lib", "EventSub.Lib\EventSub.Lib.csproj", "{8EF667A9-8487-4EFB-A258-7D0A1DE0FC68}"
EndProject
Project("{FAE04EC0-301F-11D3-BF4B-00C04F79EFBC}") = "EventSub.Test", "EventSub.Test\EventSub.Test.csproj", "{BFCE3B80-4E4F-4598-A546-A4CFA6D1401C}"
EndProject
Global
	GlobalSection(SolutionConfigurationPlatforms) = preSolution
		Debug|Any CPU = Debug|Any CPU
		Release|Any CPU = Release|Any CPU
	EndGlobalSection
	GlobalSection(ProjectConfigurationPlatforms) = postSolution
		{8EF667A9-8487-4EFB-A258-7D0A1DE0FC68}.Debug|Any CPU.ActiveCfg = Debug|Any CPU
		{8EF667A9-8487-4EFB-A258-7D0A1DE0FC68}.Debug|Any CPU.Build.0 = Debug|Any CPU
		{8EF667A9-8487-4EFB-A258-7D0A1DE0FC68}.Release|Any CPU.ActiveCfg = Release|Any CPU
		{8EF667A9-8487-4EFB-A258-7D0A1DE0FC68}.Release|Any CPU.Build.0 = Release|Any CPU
		{BFCE3B80-4E4F-4598-A546-A4CFA6D1401C}.Debug|Any CPU.ActiveCfg = Debug|Any CPU
		{BFCE3B80-4E4F-4598-A546-A4CFA6D1401C}.Debug|Any CPU.Build.0 = Debug|Any CPU
		{BFCE3B80-4E4F-4598-A546-A4CFA6D1401C}.Release|Any CPU.ActiveCfg = Release|Any CPU
		{BFCE3B80-4E4F-4598-A546-A4CFA6D1401C}.Release|Any CPU.Build.0 = Release|Any CPU
	EndGlobalSection
	GlobalSection(SolutionProperties) = preSolution
		HideSolutionNode = FALSE
	EndGlobalSection
	GlobalSection(ExtensibilityGlobals) = postSolution
		SolutionGuid = {A059713D-3C40-4502-9980-4EA072AC3027}
	EndGlobalSection
EndGlobal
